# This file is automatically @generated by Cargo.
# It is not intended for manual editing.
[[package]]
name = "futuresdr"
version = "0.0.1-experimental"
dependencies = [
 "vec-arena",
]

[[package]]
name = "vec-arena"
version = "1.0.0"
source = "registry+https://github.com/rust-lang/crates.io-index"
checksum = "eafc1b9b2dfc6f5529177b62cf806484db55b32dc7c9658a118e11bbeb33061d"
